
Microsoft Visual Studio Solution File, Format Version 12.00
# Visual Studio 15
VisualStudioVersion = 15.0.28010.2050
MinimumVisualStudioVersion = 10.0.40219.1
Project("{FAE04EC0-301F-11D3-BF4B-00C04F79EFBC}") = "Ejercicio3_TiposVariablesEstaticas", "Ejercicio3_TiposVariablesEstaticas\Ejercicio3_TiposVariablesEstaticas.csproj", "{577E3E29-25F5-4550-896A-E8F238EDA392}"
EndProject
Global
	GlobalSection(SolutionConfigurationPlatforms) = preSolution
		Debug|Any CPU = Debug|Any CPU
		Release|Any CPU = Release|Any CPU
	EndGlobalSection
	GlobalSection(ProjectConfigurationPlatforms) = postSolution
		{577E3E29-25F5-4550-896A-E8F238EDA392}.Debug|Any CPU.ActiveCfg = Debug|Any CPU
		{577E3E29-25F5-4550-896A-E8F238EDA392}.Debug|Any CPU.Build.0 = Debug|Any CPU
		{577E3E29-25F5-4550-896A-E8F238EDA392}.Release|Any CPU.ActiveCfg = Release|Any CPU
		{577E3E29-25F5-4550-896A-E8F238EDA392}.Release|Any CPU.Build.0 = Release|Any CPU
	EndGlobalSection
	GlobalSection(SolutionProperties) = preSolution
		HideSolutionNode = FALSE
	EndGlobalSection
	GlobalSection(ExtensibilityGlobals) = postSolution
		SolutionGuid = {DD1E7EBB-1844-4FA7-9752-8E688027129B}
	EndGlobalSection
EndGlobal
